# @generated by Move, please check-in and do not edit manually.

[move]
version = 3
manifest_digest = "17479ECAD595A0DE15B8E4995E568847294F98CAA290EE5ED39689BC1C8D8D8E"
deps_digest = "F8BBB0CCB2491CA29A3DF03D6F92277A4F3574266507ACD77214D37ECA3F3082"
dependencies = [
  { id = "Sui", name = "Sui" },
]

[[move.package]]
id = "MoveStdlib"
source = { git = "https://github.com/MystenLabs/sui.git", rev = "framework/testnet", subdir = "crates/sui-framework/packages/move-stdlib" }

[[move.package]]
id = "Sui"
source = { git = "https://github.com/MystenLabs/sui.git", rev = "framework/testnet", subdir = "crates/sui-framework/packages/sui-framework" }

dependencies = [
  { id = "MoveStdlib", name = "MoveStdlib" },
]

[move.toolchain-version]
compiler-version = "1.35.0"
edition = "2024.beta"
flavor = "sui"

[env]

[env.testnet]
chain-id = "4c78adac"
original-published-id = "0xb626ff0ed39672470eb4265cd9c40b3371554feb0971626f9e9ded931ab63c64"
latest-published-id = "0xb626ff0ed39672470eb4265cd9c40b3371554feb0971626f9e9ded931ab63c64"
published-version = "1"
